
Microsoft Visual Studio Solution File, Format Version 12.00
# Visual Studio Version 16
VisualStudioVersion = 16.0.30523.141
MinimumVisualStudioVersion = 10.0.40219.1
Project("{2150E333-8FDC-42A3-9474-1A3956D46DE8}") = "Solution Items", "Solution Items", "{9F658E4C-D2E2-4B80-AA00-DC671E9D75B8}"
	ProjectSection(SolutionItems) = preProject
		.gitignore = .gitignore
		doc_2020-11-03_22-40-53.editorconfig = doc_2020-11-03_22-40-53.editorconfig
		README.md = README.md
	EndProjectSection
EndProject
Project("{FAE04EC0-301F-11D3-BF4B-00C04F79EFBC}") = "Task1", "Task1\Task1.csproj", "{858BB414-769C-4AFD-B07D-013EEC8CB37E}"
EndProject
Project("{FAE04EC0-301F-11D3-BF4B-00C04F79EFBC}") = "Task2", "Task2\Task2.csproj", "{7D90D3FE-66B5-40AB-BF28-22A59CAD91C6}"
EndProject
Project("{FAE04EC0-301F-11D3-BF4B-00C04F79EFBC}") = "BelieveOrNotBelieveTask3", "BelieveOrNotBelieveTask3\BelieveOrNotBelieveTask3.csproj", "{DCED4A66-A8E9-4F63-8A0E-565B2D05605A}"
EndProject
Global
	GlobalSection(SolutionConfigurationPlatforms) = preSolution
		Debug|Any CPU = Debug|Any CPU
		Release|Any CPU = Release|Any CPU
	EndGlobalSection
	GlobalSection(ProjectConfigurationPlatforms) = postSolution
		{858BB414-769C-4AFD-B07D-013EEC8CB37E}.Debug|Any CPU.ActiveCfg = Debug|Any CPU
		{858BB414-769C-4AFD-B07D-013EEC8CB37E}.Debug|Any CPU.Build.0 = Debug|Any CPU
		{858BB414-769C-4AFD-B07D-013EEC8CB37E}.Release|Any CPU.ActiveCfg = Release|Any CPU
		{858BB414-769C-4AFD-B07D-013EEC8CB37E}.Release|Any CPU.Build.0 = Release|Any CPU
		{7D90D3FE-66B5-40AB-BF28-22A59CAD91C6}.Debug|Any CPU.ActiveCfg = Debug|Any CPU
		{7D90D3FE-66B5-40AB-BF28-22A59CAD91C6}.Debug|Any CPU.Build.0 = Debug|Any CPU
		{7D90D3FE-66B5-40AB-BF28-22A59CAD91C6}.Release|Any CPU.ActiveCfg = Release|Any CPU
		{7D90D3FE-66B5-40AB-BF28-22A59CAD91C6}.Release|Any CPU.Build.0 = Release|Any CPU
		{DCED4A66-A8E9-4F63-8A0E-565B2D05605A}.Debug|Any CPU.ActiveCfg = Debug|Any CPU
		{DCED4A66-A8E9-4F63-8A0E-565B2D05605A}.Debug|Any CPU.Build.0 = Debug|Any CPU
		{DCED4A66-A8E9-4F63-8A0E-565B2D05605A}.Release|Any CPU.ActiveCfg = Release|Any CPU
		{DCED4A66-A8E9-4F63-8A0E-565B2D05605A}.Release|Any CPU.Build.0 = Release|Any CPU
	EndGlobalSection
	GlobalSection(SolutionProperties) = preSolution
		HideSolutionNode = FALSE
	EndGlobalSection
	GlobalSection(ExtensibilityGlobals) = postSolution
		SolutionGuid = {A54827A8-5748-4099-962E-2DC156B70D4D}
	EndGlobalSection
EndGlobal
